
Microsoft Visual Studio Solution File, Format Version 12.00
# Visual Studio Version 17
VisualStudioVersion = 17.11.35208.52
MinimumVisualStudioVersion = 10.0.40219.1
Project("{C9674DCB-5085-4A16-B785-4C70DD1589BD}") = "staging_Test", "staging_Test\staging_Test.dtproj", "{5FB25553-1196-46BD-B6C5-46A64B876E59}"
EndProject
Global
	GlobalSection(SolutionConfigurationPlatforms) = preSolution
		Development|Default = Development|Default
	EndGlobalSection
	GlobalSection(ProjectConfigurationPlatforms) = postSolution
		{5FB25553-1196-46BD-B6C5-46A64B876E59}.Development|Default.ActiveCfg = Development
		{5FB25553-1196-46BD-B6C5-46A64B876E59}.Development|Default.Build.0 = Development
	EndGlobalSection
	GlobalSection(SolutionProperties) = preSolution
		HideSolutionNode = FALSE
	EndGlobalSection
	GlobalSection(ExtensibilityGlobals) = postSolution
		SolutionGuid = {BB2E9B70-A050-4061-BF91-3A19A9DF4605}
	EndGlobalSection
EndGlobal
